
Microsoft Visual Studio Solution File, Format Version 12.00
# Visual Studio Version 17
VisualStudioVersion = 17.7.34031.279
MinimumVisualStudioVersion = 10.0.40219.1
Project("{9A19103F-16F7-4668-BE54-9A1E7A4F7556}") = "TTriangle", "TTriangle\TTriangle.csproj", "{C07E9F30-9594-4536-B785-6AAA2486FC34}"
EndProject
Project("{FAE04EC0-301F-11D3-BF4B-00C04F79EFBC}") = "TestTTriangle", "TestTTriangle\TestTTriangle.csproj", "{C039A4F4-0213-4A66-A696-6189C2A27069}"
EndProject
Project("{FAE04EC0-301F-11D3-BF4B-00C04F79EFBC}") = "TestPrizm", "TestPrizm\TestPrizm.csproj", "{8321164D-102F-4CC6-85DA-C519D8843AEA}"
EndProject
Global
	GlobalSection(SolutionConfigurationPlatforms) = preSolution
		Debug|Any CPU = Debug|Any CPU
		Release|Any CPU = Release|Any CPU
	EndGlobalSection
	GlobalSection(ProjectConfigurationPlatforms) = postSolution
		{C07E9F30-9594-4536-B785-6AAA2486FC34}.Debug|Any CPU.ActiveCfg = Debug|Any CPU
		{C07E9F30-9594-4536-B785-6AAA2486FC34}.Debug|Any CPU.Build.0 = Debug|Any CPU
		{C07E9F30-9594-4536-B785-6AAA2486FC34}.Release|Any CPU.ActiveCfg = Release|Any CPU
		{C07E9F30-9594-4536-B785-6AAA2486FC34}.Release|Any CPU.Build.0 = Release|Any CPU
		{C039A4F4-0213-4A66-A696-6189C2A27069}.Debug|Any CPU.ActiveCfg = Debug|Any CPU
		{C039A4F4-0213-4A66-A696-6189C2A27069}.Debug|Any CPU.Build.0 = Debug|Any CPU
		{C039A4F4-0213-4A66-A696-6189C2A27069}.Release|Any CPU.ActiveCfg = Release|Any CPU
		{C039A4F4-0213-4A66-A696-6189C2A27069}.Release|Any CPU.Build.0 = Release|Any CPU
		{8321164D-102F-4CC6-85DA-C519D8843AEA}.Debug|Any CPU.ActiveCfg = Debug|Any CPU
		{8321164D-102F-4CC6-85DA-C519D8843AEA}.Debug|Any CPU.Build.0 = Debug|Any CPU
		{8321164D-102F-4CC6-85DA-C519D8843AEA}.Release|Any CPU.ActiveCfg = Release|Any CPU
		{8321164D-102F-4CC6-85DA-C519D8843AEA}.Release|Any CPU.Build.0 = Release|Any CPU
	EndGlobalSection
	GlobalSection(SolutionProperties) = preSolution
		HideSolutionNode = FALSE
	EndGlobalSection
	GlobalSection(ExtensibilityGlobals) = postSolution
		SolutionGuid = {62FC9EB1-04D9-4747-A4D2-74E0B3AB694D}
	EndGlobalSection
EndGlobal
